
Microsoft Visual Studio Solution File, Format Version 12.00
# Visual Studio Version 16
VisualStudioVersion = 16.0.31112.23
MinimumVisualStudioVersion = 10.0.40219.1
Project("{9A19103F-16F7-4668-BE54-9A1E7A4F7556}") = "eShoppingSimple.ServiceChassis.Storage.Abstractions", "eShoppingSimple.ServiceChassis.Storage.Abstractions\eShoppingSimple.ServiceChassis.Storage.Abstractions.csproj", "{089E8120-7D15-4712-BCD2-06B268B9BA53}"
EndProject
Project("{9A19103F-16F7-4668-BE54-9A1E7A4F7556}") = "eShoppingSimple.ServiceChassis.Events.Abstractions", "eShoppingSimple.ServiceChassis.Events.Abstractions\eShoppingSimple.ServiceChassis.Events.Abstractions.csproj", "{8958FF7E-D930-4385-9FDF-689C7616BA05}"
EndProject
Project("{9A19103F-16F7-4668-BE54-9A1E7A4F7556}") = "eShoppingSimple.ServiceChassis.Domain", "eShoppingSimple.ServiceChassis.Domain\eShoppingSimple.ServiceChassis.Domain.csproj", "{409678A8-1941-48A4-A092-8F820DEEF403}"
EndProject
Project("{9A19103F-16F7-4668-BE54-9A1E7A4F7556}") = "eShoppingSimple.ServiceChassis.Storage", "eShoppingSimple.ServiceChassis.Storage\eShoppingSimple.ServiceChassis.Storage.csproj", "{6ECBB0F1-4FCB-454A-BADA-08A49B0A46F6}"
EndProject
Project("{9A19103F-16F7-4668-BE54-9A1E7A4F7556}") = "eShoppingSimple.ServiceChassis.WebApi", "eShoppingSimple.ServiceChassis.WebApi\eShoppingSimple.ServiceChassis.WebApi.csproj", "{9302ABE8-A102-4830-932F-8C5524676B4B}"
EndProject
Project("{FAE04EC0-301F-11D3-BF4B-00C04F79EFBC}") = "eShoppingSimple.ServiceChassis.Storage.EfCore", "eShoppingSimple.ServiceChassis.Storage.EfCore\eShoppingSimple.ServiceChassis.Storage.EfCore.csproj", "{B2331C4D-2E7B-4459-B226-BB2C23477486}"
EndProject
Project("{FAE04EC0-301F-11D3-BF4B-00C04F79EFBC}") = "eShoppingSimple.ServiceChassis.Events.Fakes", "eShoppingSimple.ServiceChassis.Events.Fakes\eShoppingSimple.ServiceChassis.Events.Fakes.csproj", "{3142148A-5B52-4D33-BF12-AF2D0509E44F}"
EndProject
Project("{FAE04EC0-301F-11D3-BF4B-00C04F79EFBC}") = "eShoppingSimple.ServiceChassis.Events.Models", "eShoppingSimple.ServiceChassis.Events.Models\eShoppingSimple.ServiceChassis.Events.Models.csproj", "{D57463C6-E29C-4BD2-B410-1402A6CE0847}"
EndProject
Project("{FAE04EC0-301F-11D3-BF4B-00C04F79EFBC}") = "eShoppingSimple.ServiceChassis.Events.Init", "eShoppingSimple.ServiceChassis.Events.Init\eShoppingSimple.ServiceChassis.Events.Init.csproj", "{E33723B7-36CA-45A5-AB4B-6FD22397E3BC}"
EndProject
Global
	GlobalSection(SolutionConfigurationPlatforms) = preSolution
		Debug|Any CPU = Debug|Any CPU
		Release|Any CPU = Release|Any CPU
	EndGlobalSection
	GlobalSection(ProjectConfigurationPlatforms) = postSolution
		{089E8120-7D15-4712-BCD2-06B268B9BA53}.Debug|Any CPU.ActiveCfg = Debug|Any CPU
		{089E8120-7D15-4712-BCD2-06B268B9BA53}.Debug|Any CPU.Build.0 = Debug|Any CPU
		{089E8120-7D15-4712-BCD2-06B268B9BA53}.Release|Any CPU.ActiveCfg = Release|Any CPU
		{089E8120-7D15-4712-BCD2-06B268B9BA53}.Release|Any CPU.Build.0 = Release|Any CPU
		{8958FF7E-D930-4385-9FDF-689C7616BA05}.Debug|Any CPU.ActiveCfg = Debug|Any CPU
		{8958FF7E-D930-4385-9FDF-689C7616BA05}.Debug|Any CPU.Build.0 = Debug|Any CPU
		{8958FF7E-D930-4385-9FDF-689C7616BA05}.Release|Any CPU.ActiveCfg = Release|Any CPU
		{8958FF7E-D930-4385-9FDF-689C7616BA05}.Release|Any CPU.Build.0 = Release|Any CPU
		{409678A8-1941-48A4-A092-8F820DEEF403}.Debug|Any CPU.ActiveCfg = Debug|Any CPU
		{409678A8-1941-48A4-A092-8F820DEEF403}.Debug|Any CPU.Build.0 = Debug|Any CPU
		{409678A8-1941-48A4-A092-8F820DEEF403}.Release|Any CPU.ActiveCfg = Release|Any CPU
		{409678A8-1941-48A4-A092-8F820DEEF403}.Release|Any CPU.Build.0 = Release|Any CPU
		{6ECBB0F1-4FCB-454A-BADA-08A49B0A46F6}.Debug|Any CPU.ActiveCfg = Debug|Any CPU
		{6ECBB0F1-4FCB-454A-BADA-08A49B0A46F6}.Debug|Any CPU.Build.0 = Debug|Any CPU
		{6ECBB0F1-4FCB-454A-BADA-08A49B0A46F6}.Release|Any CPU.ActiveCfg = Release|Any CPU
		{6ECBB0F1-4FCB-454A-BADA-08A49B0A46F6}.Release|Any CPU.Build.0 = Release|Any CPU
		{9302ABE8-A102-4830-932F-8C5524676B4B}.Debug|Any CPU.ActiveCfg = Debug|Any CPU
		{9302ABE8-A102-4830-932F-8C5524676B4B}.Debug|Any CPU.Build.0 = Debug|Any CPU
		{9302ABE8-A102-4830-932F-8C5524676B4B}.Release|Any CPU.ActiveCfg = Release|Any CPU
		{9302ABE8-A102-4830-932F-8C5524676B4B}.Release|Any CPU.Build.0 = Release|Any CPU
		{B2331C4D-2E7B-4459-B226-BB2C23477486}.Debug|Any CPU.ActiveCfg = Debug|Any CPU
		{B2331C4D-2E7B-4459-B226-BB2C23477486}.Debug|Any CPU.Build.0 = Debug|Any CPU
		{B2331C4D-2E7B-4459-B226-BB2C23477486}.Release|Any CPU.ActiveCfg = Release|Any CPU
		{B2331C4D-2E7B-4459-B226-BB2C23477486}.Release|Any CPU.Build.0 = Release|Any CPU
		{3142148A-5B52-4D33-BF12-AF2D0509E44F}.Debug|Any CPU.ActiveCfg = Debug|Any CPU
		{3142148A-5B52-4D33-BF12-AF2D0509E44F}.Debug|Any CPU.Build.0 = Debug|Any CPU
		{3142148A-5B52-4D33-BF12-AF2D0509E44F}.Release|Any CPU.ActiveCfg = Release|Any CPU
		{3142148A-5B52-4D33-BF12-AF2D0509E44F}.Release|Any CPU.Build.0 = Release|Any CPU
		{D57463C6-E29C-4BD2-B410-1402A6CE0847}.Debug|Any CPU.ActiveCfg = Debug|Any CPU
		{D57463C6-E29C-4BD2-B410-1402A6CE0847}.Debug|Any CPU.Build.0 = Debug|Any CPU
		{D57463C6-E29C-4BD2-B410-1402A6CE0847}.Release|Any CPU.ActiveCfg = Release|Any CPU
		{D57463C6-E29C-4BD2-B410-1402A6CE0847}.Release|Any CPU.Build.0 = Release|Any CPU
		{E33723B7-36CA-45A5-AB4B-6FD22397E3BC}.Debug|Any CPU.ActiveCfg = Debug|Any CPU
		{E33723B7-36CA-45A5-AB4B-6FD22397E3BC}.Debug|Any CPU.Build.0 = Debug|Any CPU
		{E33723B7-36CA-45A5-AB4B-6FD22397E3BC}.Release|Any CPU.ActiveCfg = Release|Any CPU
		{E33723B7-36CA-45A5-AB4B-6FD22397E3BC}.Release|Any CPU.Build.0 = Release|Any CPU
	EndGlobalSection
	GlobalSection(SolutionProperties) = preSolution
		HideSolutionNode = FALSE
	EndGlobalSection
	GlobalSection(ExtensibilityGlobals) = postSolution
		SolutionGuid = {33CE810E-AB20-4F6C-BB16-9E9E170AC552}
	EndGlobalSection
EndGlobal
