
Microsoft Visual Studio Solution File, Format Version 12.00
# Visual Studio Version 16
VisualStudioVersion = 16.0.31112.23
MinimumVisualStudioVersion = 10.0.40219.1
Project("{9A19103F-16F7-4668-BE54-9A1E7A4F7556}") = "eShoppingSimple.Orders.WebApi", "eShoppingSimple.Orders.WebApi\eShoppingSimple.Orders.WebApi.csproj", "{2F239AE6-0C42-4C74-9E38-D1AEB6F560FF}"
EndProject
Project("{9A19103F-16F7-4668-BE54-9A1E7A4F7556}") = "eShoppingSimple.Shippings.WebApi", "eShoppingSimple.Shippings.WebApi\eShoppingSimple.Shippings.WebApi.csproj", "{FC34BD69-3AAA-4A96-BC05-B319EB142D89}"
EndProject
Project("{9A19103F-16F7-4668-BE54-9A1E7A4F7556}") = "eShoppingSimple.Orders.ServiceAccess", "eShoppingSimple.Orders.ServiceAccess\eShoppingSimple.Orders.ServiceAccess.csproj", "{1A7CD86C-CBD7-4072-8CF0-66EB615C4CC5}"
EndProject
Project("{9A19103F-16F7-4668-BE54-9A1E7A4F7556}") = "eShoppingSimple.Shippings.ServiceAccess", "eShoppingSimple.Shippings.ServiceAccess\eShoppingSimple.Shippings.ServiceAccess.csproj", "{1DEB7245-38FE-445D-ACA1-E3704AC7847D}"
EndProject
Project("{9A19103F-16F7-4668-BE54-9A1E7A4F7556}") = "eShoppingSimple.Orders.Domain", "eShoppingSimple.Orders.Domain\eShoppingSimple.Orders.Domain.csproj", "{48981B36-C353-4A59-AE4F-75565AAF1FE5}"
EndProject
Project("{9A19103F-16F7-4668-BE54-9A1E7A4F7556}") = "eShoppingSimple.Shippings.Domain", "eShoppingSimple.Shippings.Domain\eShoppingSimple.Shippings.Domain.csproj", "{82E9CA60-AD1B-401D-958D-E0D7726141DB}"
EndProject
Project("{9A19103F-16F7-4668-BE54-9A1E7A4F7556}") = "eShoppingSimple.Orders.Storage", "eShoppingSimple.Orders.Storage\eShoppingSimple.Orders.Storage.csproj", "{D3440D14-AD7A-44D2-A6B7-FA02106A15F5}"
EndProject
Project("{9A19103F-16F7-4668-BE54-9A1E7A4F7556}") = "eShoppingSimple.Shippings.Storage", "eShoppingSimple.Shippings.Storage\eShoppingSimple.Shippings.Storage.csproj", "{9525E0C8-5485-408B-897A-2C789BB81BC6}"
EndProject
Global
	GlobalSection(SolutionConfigurationPlatforms) = preSolution
		Debug|Any CPU = Debug|Any CPU
		Release|Any CPU = Release|Any CPU
	EndGlobalSection
	GlobalSection(ProjectConfigurationPlatforms) = postSolution
		{2F239AE6-0C42-4C74-9E38-D1AEB6F560FF}.Debug|Any CPU.ActiveCfg = Debug|Any CPU
		{2F239AE6-0C42-4C74-9E38-D1AEB6F560FF}.Debug|Any CPU.Build.0 = Debug|Any CPU
		{2F239AE6-0C42-4C74-9E38-D1AEB6F560FF}.Release|Any CPU.ActiveCfg = Release|Any CPU
		{2F239AE6-0C42-4C74-9E38-D1AEB6F560FF}.Release|Any CPU.Build.0 = Release|Any CPU
		{FC34BD69-3AAA-4A96-BC05-B319EB142D89}.Debug|Any CPU.ActiveCfg = Debug|Any CPU
		{FC34BD69-3AAA-4A96-BC05-B319EB142D89}.Debug|Any CPU.Build.0 = Debug|Any CPU
		{FC34BD69-3AAA-4A96-BC05-B319EB142D89}.Release|Any CPU.ActiveCfg = Release|Any CPU
		{FC34BD69-3AAA-4A96-BC05-B319EB142D89}.Release|Any CPU.Build.0 = Release|Any CPU
		{1A7CD86C-CBD7-4072-8CF0-66EB615C4CC5}.Debug|Any CPU.ActiveCfg = Debug|Any CPU
		{1A7CD86C-CBD7-4072-8CF0-66EB615C4CC5}.Debug|Any CPU.Build.0 = Debug|Any CPU
		{1A7CD86C-CBD7-4072-8CF0-66EB615C4CC5}.Release|Any CPU.ActiveCfg = Release|Any CPU
		{1A7CD86C-CBD7-4072-8CF0-66EB615C4CC5}.Release|Any CPU.Build.0 = Release|Any CPU
		{1DEB7245-38FE-445D-ACA1-E3704AC7847D}.Debug|Any CPU.ActiveCfg = Debug|Any CPU
		{1DEB7245-38FE-445D-ACA1-E3704AC7847D}.Debug|Any CPU.Build.0 = Debug|Any CPU
		{1DEB7245-38FE-445D-ACA1-E3704AC7847D}.Release|Any CPU.ActiveCfg = Release|Any CPU
		{1DEB7245-38FE-445D-ACA1-E3704AC7847D}.Release|Any CPU.Build.0 = Release|Any CPU
		{48981B36-C353-4A59-AE4F-75565AAF1FE5}.Debug|Any CPU.ActiveCfg = Debug|Any CPU
		{48981B36-C353-4A59-AE4F-75565AAF1FE5}.Debug|Any CPU.Build.0 = Debug|Any CPU
		{48981B36-C353-4A59-AE4F-75565AAF1FE5}.Release|Any CPU.ActiveCfg = Release|Any CPU
		{48981B36-C353-4A59-AE4F-75565AAF1FE5}.Release|Any CPU.Build.0 = Release|Any CPU
		{82E9CA60-AD1B-401D-958D-E0D7726141DB}.Debug|Any CPU.ActiveCfg = Debug|Any CPU
		{82E9CA60-AD1B-401D-958D-E0D7726141DB}.Debug|Any CPU.Build.0 = Debug|Any CPU
		{82E9CA60-AD1B-401D-958D-E0D7726141DB}.Release|Any CPU.ActiveCfg = Release|Any CPU
		{82E9CA60-AD1B-401D-958D-E0D7726141DB}.Release|Any CPU.Build.0 = Release|Any CPU
		{D3440D14-AD7A-44D2-A6B7-FA02106A15F5}.Debug|Any CPU.ActiveCfg = Debug|Any CPU
		{D3440D14-AD7A-44D2-A6B7-FA02106A15F5}.Debug|Any CPU.Build.0 = Debug|Any CPU
		{D3440D14-AD7A-44D2-A6B7-FA02106A15F5}.Release|Any CPU.ActiveCfg = Release|Any CPU
		{D3440D14-AD7A-44D2-A6B7-FA02106A15F5}.Release|Any CPU.Build.0 = Release|Any CPU
		{9525E0C8-5485-408B-897A-2C789BB81BC6}.Debug|Any CPU.ActiveCfg = Debug|Any CPU
		{9525E0C8-5485-408B-897A-2C789BB81BC6}.Debug|Any CPU.Build.0 = Debug|Any CPU
		{9525E0C8-5485-408B-897A-2C789BB81BC6}.Release|Any CPU.ActiveCfg = Release|Any CPU
		{9525E0C8-5485-408B-897A-2C789BB81BC6}.Release|Any CPU.Build.0 = Release|Any CPU
	EndGlobalSection
	GlobalSection(SolutionProperties) = preSolution
		HideSolutionNode = FALSE
	EndGlobalSection
	GlobalSection(ExtensibilityGlobals) = postSolution
		SolutionGuid = {06971997-F5B4-4082-A6ED-BC6A63033732}
	EndGlobalSection
EndGlobal
